// !$*UTF8*$!
{
	archiveVersion = 1;
	classes = {
	};
	objectVersion = 50;
	objects = {

/* Begin PBXBuildFile section */
		11AD324529B17E92009C976D /* AppDelegate.swift in Sources */ = {isa = PBXBuildFile; fileRef = 11AD324429B17E92009C976D /* AppDelegate.swift */; };
		11AD324729B17E92009C976D /* ContentView.swift in Sources */ = {isa = PBXBuildFile; fileRef = 11AD324629B17E92009C976D /* ContentView.swift */; };
		11AD324929B17E93009C976D /* Assets.xcassets in Resources */ = {isa = PBXBuildFile; fileRef = 11AD324829B17E93009C976D /* Assets.xcassets */; };
		11AD324C29B17E93009C976D /* Preview Assets.xcassets in Resources */ = {isa = PBXBuildFile; fileRef = 11AD324B29B17E93009C976D /* Preview Assets.xcassets */; };
		11AD324F29B17E93009C976D /* Main.storyboard in Resources */ = {isa = PBXBuildFile; fileRef = 11AD324D29B17E93009C976D /* Main.storyboard */; };
		11AD325B29B17E94009C976D /* SoftraceMetalTests.swift in Sources */ = {isa = PBXBuildFile; fileRef = 11AD325A29B17E94009C976D /* SoftraceMetalTests.swift */; };
		11AD326629B17E94009C976D /* SoftraceMetalUITests.swift in Sources */ = {isa = PBXBuildFile; fileRef = 11AD326529B17E94009C976D /* SoftraceMetalUITests.swift */; };
		11AD327A29B3C80E009C976D /* main.cpp in Sources */ = {isa = PBXBuildFile; fileRef = 11AD327829B3C80E009C976D /* main.cpp */; };
		11AD328D29B3D812009C976D /* Metal.framework in Frameworks */ = {isa = PBXBuildFile; fileRef = 11AD328C29B3D812009C976D /* Metal.framework */; };
		11AD328F29B3D818009C976D /* Foundation.framework in Frameworks */ = {isa = PBXBuildFile; fileRef = 11AD328E29B3D818009C976D /* Foundation.framework */; };
		11AD329129B3D824009C976D /* QuartzCore.framework in Frameworks */ = {isa = PBXBuildFile; fileRef = 11AD329029B3D824009C976D /* QuartzCore.framework */; };
		11AD329929B3DB17009C976D /* Metal in Resources */ = {isa = PBXBuildFile; fileRef = 11AD329829B3DB16009C976D /* Metal */; };
/* End PBXBuildFile section */

/* Begin PBXContainerItemProxy section */
		11AD325729B17E94009C976D /* PBXContainerItemProxy */ = {
			isa = PBXContainerItemProxy;
			containerPortal = 11AD323929B17E92009C976D /* Project object */;
			proxyType = 1;
			remoteGlobalIDString = 11AD324029B17E92009C976D;
			remoteInfo = SoftraceMetal;
		};
		11AD326229B17E94009C976D /* PBXContainerItemProxy */ = {
			isa = PBXContainerItemProxy;
			containerPortal = 11AD323929B17E92009C976D /* Project object */;
			proxyType = 1;
			remoteGlobalIDString = 11AD324029B17E92009C976D;
			remoteInfo = SoftraceMetal;
		};
/* End PBXContainerItemProxy section */

/* Begin PBXFileReference section */
		11AD324129B17E92009C976D /* SoftraceMetal.app */ = {isa = PBXFileReference; explicitFileType = wrapper.application; includeInIndex = 0; path = SoftraceMetal.app; sourceTree = BUILT_PRODUCTS_DIR; };
		11AD324429B17E92009C976D /* AppDelegate.swift */ = {isa = PBXFileReference; lastKnownFileType = sourcecode.swift; path = AppDelegate.swift; sourceTree = "<group>"; };
		11AD324629B17E92009C976D /* ContentView.swift */ = {isa = PBXFileReference; lastKnownFileType = sourcecode.swift; path = ContentView.swift; sourceTree = "<group>"; };
		11AD324829B17E93009C976D /* Assets.xcassets */ = {isa = PBXFileReference; lastKnownFileType = folder.assetcatalog; path = Assets.xcassets; sourceTree = "<group>"; };
		11AD324B29B17E93009C976D /* Preview Assets.xcassets */ = {isa = PBXFileReference; lastKnownFileType = folder.assetcatalog; path = "Preview Assets.xcassets"; sourceTree = "<group>"; };
		11AD324E29B17E93009C976D /* Base */ = {isa = PBXFileReference; lastKnownFileType = file.storyboard; name = Base; path = Base.lproj/Main.storyboard; sourceTree = "<group>"; };
		11AD325029B17E93009C976D /* Info.plist */ = {isa = PBXFileReference; lastKnownFileType = text.plist.xml; path = Info.plist; sourceTree = "<group>"; };
		11AD325129B17E93009C976D /* SoftraceMetal.entitlements */ = {isa = PBXFileReference; lastKnownFileType = text.plist.entitlements; path = SoftraceMetal.entitlements; sourceTree = "<group>"; };
		11AD325629B17E94009C976D /* SoftraceMetalTests.xctest */ = {isa = PBXFileReference; explicitFileType = wrapper.cfbundle; includeInIndex = 0; path = SoftraceMetalTests.xctest; sourceTree = BUILT_PRODUCTS_DIR; };
		11AD325A29B17E94009C976D /* SoftraceMetalTests.swift */ = {isa = PBXFileReference; lastKnownFileType = sourcecode.swift; path = SoftraceMetalTests.swift; sourceTree = "<group>"; };
		11AD325C29B17E94009C976D /* Info.plist */ = {isa = PBXFileReference; lastKnownFileType = text.plist.xml; path = Info.plist; sourceTree = "<group>"; };
		11AD326129B17E94009C976D /* SoftraceMetalUITests.xctest */ = {isa = PBXFileReference; explicitFileType = wrapper.cfbundle; includeInIndex = 0; path = SoftraceMetalUITests.xctest; sourceTree = BUILT_PRODUCTS_DIR; };
		11AD326529B17E94009C976D /* SoftraceMetalUITests.swift */ = {isa = PBXFileReference; lastKnownFileType = sourcecode.swift; path = SoftraceMetalUITests.swift; sourceTree = "<group>"; };
		11AD326729B17E94009C976D /* Info.plist */ = {isa = PBXFileReference; lastKnownFileType = text.plist.xml; path = Info.plist; sourceTree = "<group>"; };
		11AD327729B3C80D009C976D /* SoftraceMetal-Bridging-Header.h */ = {isa = PBXFileReference; lastKnownFileType = sourcecode.c.h; path = "SoftraceMetal-Bridging-Header.h"; sourceTree = "<group>"; };
		11AD327829B3C80E009C976D /* main.cpp */ = {isa = PBXFileReference; lastKnownFileType = sourcecode.cpp.cpp; path = main.cpp; sourceTree = "<group>"; };
		11AD327929B3C80E009C976D /* main.h */ = {isa = PBXFileReference; lastKnownFileType = sourcecode.c.h; path = main.h; sourceTree = "<group>"; };
		11AD328C29B3D812009C976D /* Metal.framework */ = {isa = PBXFileReference; lastKnownFileType = wrapper.framework; name = Metal.framework; path = System/Library/Frameworks/Metal.framework; sourceTree = SDKROOT; };
		11AD328E29B3D818009C976D /* Foundation.framework */ = {isa = PBXFileReference; lastKnownFileType = wrapper.framework; name = Foundation.framework; path = System/Library/Frameworks/Foundation.framework; sourceTree = SDKROOT; };
		11AD329029B3D824009C976D /* QuartzCore.framework */ = {isa = PBXFileReference; lastKnownFileType = wrapper.framework; name = QuartzCore.framework; path = System/Library/Frameworks/QuartzCore.framework; sourceTree = SDKROOT; };
		11AD329829B3DB16009C976D /* Metal */ = {isa = PBXFileReference; lastKnownFileType = folder; name = Metal; path = SoftraceMetal/cpp/Metal; sourceTree = SOURCE_ROOT; };
/* End PBXFileReference section */

/* Begin PBXFrameworksBuildPhase section */
		11AD323E29B17E92009C976D /* Frameworks */ = {
			isa = PBXFrameworksBuildPhase;
			buildActionMask = 2147483647;
			files = (
				11AD328F29B3D818009C976D /* Foundation.framework in Frameworks */,
				11AD329129B3D824009C976D /* QuartzCore.framework in Frameworks */,
				11AD328D29B3D812009C976D /* Metal.framework in Frameworks */,
			);
			runOnlyForDeploymentPostprocessing = 0;
		};
		11AD325329B17E94009C976D /* Frameworks */ = {
			isa = PBXFrameworksBuildPhase;
			buildActionMask = 2147483647;
			files = (
			);
			runOnlyForDeploymentPostprocessing = 0;
		};
		11AD325E29B17E94009C976D /* Frameworks */ = {
			isa = PBXFrameworksBuildPhase;
			buildActionMask = 2147483647;
			files = (
			);
			runOnlyForDeploymentPostprocessing = 0;
		};
/* End PBXFrameworksBuildPhase section */

/* Begin PBXGroup section */
		11AD323829B17E92009C976D = {
			isa = PBXGroup;
			children = (
				11AD324329B17E92009C976D /* SoftraceMetal */,
				11AD325929B17E94009C976D /* SoftraceMetalTests */,
				11AD326429B17E94009C976D /* SoftraceMetalUITests */,
				11AD324229B17E92009C976D /* Products */,
				11AD328B29B3D812009C976D /* Frameworks */,
			);
			sourceTree = "<group>";
		};
		11AD324229B17E92009C976D /* Products */ = {
			isa = PBXGroup;
			children = (
				11AD324129B17E92009C976D /* SoftraceMetal.app */,
				11AD325629B17E94009C976D /* SoftraceMetalTests.xctest */,
				11AD326129B17E94009C976D /* SoftraceMetalUITests.xctest */,
			);
			name = Products;
			sourceTree = "<group>";
		};
		11AD324329B17E92009C976D /* SoftraceMetal */ = {
			isa = PBXGroup;
			children = (
				11AD327629B3C7C9009C976D /* cpp */,
				11AD324429B17E92009C976D /* AppDelegate.swift */,
				11AD324629B17E92009C976D /* ContentView.swift */,
				11AD324829B17E93009C976D /* Assets.xcassets */,
				11AD324D29B17E93009C976D /* Main.storyboard */,
				11AD325029B17E93009C976D /* Info.plist */,
				11AD325129B17E93009C976D /* SoftraceMetal.entitlements */,
				11AD324A29B17E93009C976D /* Preview Content */,
			);
			path = SoftraceMetal;
			sourceTree = "<group>";
		};
		11AD324A29B17E93009C976D /* Preview Content */ = {
			isa = PBXGroup;
			children = (
				11AD324B29B17E93009C976D /* Preview Assets.xcassets */,
			);
			path = "Preview Content";
			sourceTree = "<group>";
		};
		11AD325929B17E94009C976D /* SoftraceMetalTests */ = {
			isa = PBXGroup;
			children = (
				11AD325A29B17E94009C976D /* SoftraceMetalTests.swift */,
				11AD325C29B17E94009C976D /* Info.plist */,
			);
			path = SoftraceMetalTests;
			sourceTree = "<group>";
		};
		11AD326429B17E94009C976D /* SoftraceMetalUITests */ = {
			isa = PBXGroup;
			children = (
				11AD326529B17E94009C976D /* SoftraceMetalUITests.swift */,
				11AD326729B17E94009C976D /* Info.plist */,
			);
			path = SoftraceMetalUITests;
			sourceTree = "<group>";
		};
		11AD327629B3C7C9009C976D /* cpp */ = {
			isa = PBXGroup;
			children = (
				11AD329829B3DB16009C976D /* Metal */,
				11AD328129B3CA36009C976D /* functions */,
				11AD327729B3C80D009C976D /* SoftraceMetal-Bridging-Header.h */,
				11AD327829B3C80E009C976D /* main.cpp */,
				11AD327929B3C80E009C976D /* main.h */,
			);
			name = cpp;
			path = SoftraceMetal/cpp;
			sourceTree = SOURCE_ROOT;
		};
		11AD328129B3CA36009C976D /* functions */ = {
			isa = PBXGroup;
			children = (
			);
			path = functions;
			sourceTree = "<group>";
		};
		11AD328B29B3D812009C976D /* Frameworks */ = {
			isa = PBXGroup;
			children = (
				11AD329029B3D824009C976D /* QuartzCore.framework */,
				11AD328E29B3D818009C976D /* Foundation.framework */,
				11AD328C29B3D812009C976D /* Metal.framework */,
			);
			name = Frameworks;
			sourceTree = "<group>";
		};
/* End PBXGroup section */

/* Begin PBXNativeTarget section */
		11AD324029B17E92009C976D /* SoftraceMetal */ = {
			isa = PBXNativeTarget;
			buildConfigurationList = 11AD326A29B17E94009C976D /* Build configuration list for PBXNativeTarget "SoftraceMetal" */;
			buildPhases = (
				11AD323D29B17E92009C976D /* Sources */,
				11AD323E29B17E92009C976D /* Frameworks */,
				11AD323F29B17E92009C976D /* Resources */,
			);
			buildRules = (
			);
			dependencies = (
			);
			name = SoftraceMetal;
			productName = SoftraceMetal;
			productReference = 11AD324129B17E92009C976D /* SoftraceMetal.app */;
			productType = "com.apple.product-type.application";
		};
		11AD325529B17E94009C976D /* SoftraceMetalTests */ = {
			isa = PBXNativeTarget;
			buildConfigurationList = 11AD326D29B17E94009C976D /* Build configuration list for PBXNativeTarget "SoftraceMetalTests" */;
			buildPhases = (
				11AD325229B17E94009C976D /* Sources */,
				11AD325329B17E94009C976D /* Frameworks */,
				11AD325429B17E94009C976D /* Resources */,
			);
			buildRules = (
			);
			dependencies = (
				11AD325829B17E94009C976D /* PBXTargetDependency */,
			);
			name = SoftraceMetalTests;
			productName = SoftraceMetalTests;
			productReference = 11AD325629B17E94009C976D /* SoftraceMetalTests.xctest */;
			productType = "com.apple.product-type.bundle.unit-test";
		};
		11AD326029B17E94009C976D /* SoftraceMetalUITests */ = {
			isa = PBXNativeTarget;
			buildConfigurationList = 11AD327029B17E94009C976D /* Build configuration list for PBXNativeTarget "SoftraceMetalUITests" */;
			buildPhases = (
				11AD325D29B17E94009C976D /* Sources */,
				11AD325E29B17E94009C976D /* Frameworks */,
				11AD325F29B17E94009C976D /* Resources */,
			);
			buildRules = (
			);
			dependencies = (
				11AD326329B17E94009C976D /* PBXTargetDependency */,
			);
			name = SoftraceMetalUITests;
			productName = SoftraceMetalUITests;
			productReference = 11AD326129B17E94009C976D /* SoftraceMetalUITests.xctest */;
			productType = "com.apple.product-type.bundle.ui-testing";
		};
/* End PBXNativeTarget section */

/* Begin PBXProject section */
		11AD323929B17E92009C976D /* Project object */ = {
			isa = PBXProject;
			attributes = {
				LastSwiftUpdateCheck = 1210;
				LastUpgradeCheck = 1210;
				TargetAttributes = {
					11AD324029B17E92009C976D = {
						CreatedOnToolsVersion = 12.1;
						LastSwiftMigration = 1210;
					};
					11AD325529B17E94009C976D = {
						CreatedOnToolsVersion = 12.1;
						TestTargetID = 11AD324029B17E92009C976D;
					};
					11AD326029B17E94009C976D = {
						CreatedOnToolsVersion = 12.1;
						TestTargetID = 11AD324029B17E92009C976D;
					};
				};
			};
			buildConfigurationList = 11AD323C29B17E92009C976D /* Build configuration list for PBXProject "SoftraceMetal" */;
			compatibilityVersion = "Xcode 9.3";
			developmentRegion = en;
			hasScannedForEncodings = 0;
			knownRegions = (
				en,
				Base,
			);
			mainGroup = 11AD323829B17E92009C976D;
			productRefGroup = 11AD324229B17E92009C976D /* Products */;
			projectDirPath = "";
			projectRoot = "";
			targets = (
				11AD324029B17E92009C976D /* SoftraceMetal */,
				11AD325529B17E94009C976D /* SoftraceMetalTests */,
				11AD326029B17E94009C976D /* SoftraceMetalUITests */,
			);
		};
/* End PBXProject section */

/* Begin PBXResourcesBuildPhase section */
		11AD323F29B17E92009C976D /* Resources */ = {
			isa = PBXResourcesBuildPhase;
			buildActionMask = 2147483647;
			files = (
				11AD329929B3DB17009C976D /* Metal in Resources */,
				11AD324F29B17E93009C976D /* Main.storyboard in Resources */,
				11AD324C29B17E93009C976D /* Preview Assets.xcassets in Resources */,
				11AD324929B17E93009C976D /* Assets.xcassets in Resources */,
			);
			runOnlyForDeploymentPostprocessing = 0;
		};
		11AD325429B17E94009C976D /* Resources */ = {
			isa = PBXResourcesBuildPhase;
			buildActionMask = 2147483647;
			files = (
			);
			runOnlyForDeploymentPostprocessing = 0;
		};
		11AD325F29B17E94009C976D /* Resources */ = {
			isa = PBXResourcesBuildPhase;
			buildActionMask = 2147483647;
			files = (
			);
			runOnlyForDeploymentPostprocessing = 0;
		};
/* End PBXResourcesBuildPhase section */

/* Begin PBXSourcesBuildPhase section */
		11AD323D29B17E92009C976D /* Sources */ = {
			isa = PBXSourcesBuildPhase;
			buildActionMask = 2147483647;
			files = (
				11AD324729B17E92009C976D /* ContentView.swift in Sources */,
				11AD324529B17E92009C976D /* AppDelegate.swift in Sources */,
				11AD327A29B3C80E009C976D /* main.cpp in Sources */,
			);
			runOnlyForDeploymentPostprocessing = 0;
		};
		11AD325229B17E94009C976D /* Sources */ = {
			isa = PBXSourcesBuildPhase;
			buildActionMask = 2147483647;
			files = (
				11AD325B29B17E94009C976D /* SoftraceMetalTests.swift in Sources */,
			);
			runOnlyForDeploymentPostprocessing = 0;
		};
		11AD325D29B17E94009C976D /* Sources */ = {
			isa = PBXSourcesBuildPhase;
			buildActionMask = 2147483647;
			files = (
				11AD326629B17E94009C976D /* SoftraceMetalUITests.swift in Sources */,
			);
			runOnlyForDeploymentPostprocessing = 0;
		};
/* End PBXSourcesBuildPhase section */

/* Begin PBXTargetDependency section */
		11AD325829B17E94009C976D /* PBXTargetDependency */ = {
			isa = PBXTargetDependency;
			target = 11AD324029B17E92009C976D /* SoftraceMetal */;
			targetProxy = 11AD325729B17E94009C976D /* PBXContainerItemProxy */;
		};
		11AD326329B17E94009C976D /* PBXTargetDependency */ = {
			isa = PBXTargetDependency;
			target = 11AD324029B17E92009C976D /* SoftraceMetal */;
			targetProxy = 11AD326229B17E94009C976D /* PBXContainerItemProxy */;
		};
/* End PBXTargetDependency section */

/* Begin PBXVariantGroup section */
		11AD324D29B17E93009C976D /* Main.storyboard */ = {
			isa = PBXVariantGroup;
			children = (
				11AD324E29B17E93009C976D /* Base */,
			);
			name = Main.storyboard;
			sourceTree = "<group>";
		};
/* End PBXVariantGroup section */

/* Begin XCBuildConfiguration section */
		11AD326829B17E94009C976D /* Debug */ = {
			isa = XCBuildConfiguration;
			buildSettings = {
				ALWAYS_SEARCH_USER_PATHS = NO;
				CLANG_ANALYZER_NONNULL = YES;
				CLANG_ANALYZER_NUMBER_OBJECT_CONVERSION = YES_AGGRESSIVE;
				CLANG_CXX_LANGUAGE_STANDARD = "c++17";
				CLANG_CXX_LIBRARY = "libc++";
				CLANG_ENABLE_MODULES = YES;
				CLANG_ENABLE_OBJC_ARC = YES;
				CLANG_ENABLE_OBJC_WEAK = YES;
				CLANG_WARN_BLOCK_CAPTURE_AUTORELEASING = YES;
				CLANG_WARN_BOOL_CONVERSION = YES;
				CLANG_WARN_COMMA = YES;
				CLANG_WARN_CONSTANT_CONVERSION = YES;
				CLANG_WARN_DEPRECATED_OBJC_IMPLEMENTATIONS = YES;
				CLANG_WARN_DIRECT_OBJC_ISA_USAGE = YES_ERROR;
				CLANG_WARN_DOCUMENTATION_COMMENTS = YES;
				CLANG_WARN_EMPTY_BODY = YES;
				CLANG_WARN_ENUM_CONVERSION = YES;
				CLANG_WARN_INFINITE_RECURSION = YES;
				CLANG_WARN_INT_CONVERSION = YES;
				CLANG_WARN_NON_LITERAL_NULL_CONVERSION = YES;
				CLANG_WARN_OBJC_IMPLICIT_RETAIN_SELF = YES;
				CLANG_WARN_OBJC_LITERAL_CONVERSION = YES;
				CLANG_WARN_OBJC_ROOT_CLASS = YES_ERROR;
				CLANG_WARN_QUOTED_INCLUDE_IN_FRAMEWORK_HEADER = YES;
				CLANG_WARN_RANGE_LOOP_ANALYSIS = YES;
				CLANG_WARN_STRICT_PROTOTYPES = YES;
				CLANG_WARN_SUSPICIOUS_MOVE = YES;
				CLANG_WARN_UNGUARDED_AVAILABILITY = YES_AGGRESSIVE;
				CLANG_WARN_UNREACHABLE_CODE = YES;
				CLANG_WARN__DUPLICATE_METHOD_MATCH = YES;
				COPY_PHASE_STRIP = NO;
				DEBUG_INFORMATION_FORMAT = dwarf;
				ENABLE_STRICT_OBJC_MSGSEND = YES;
				ENABLE_TESTABILITY = YES;
				GCC_C_LANGUAGE_STANDARD = gnu11;
				GCC_DYNAMIC_NO_PIC = NO;
				GCC_NO_COMMON_BLOCKS = YES;
				GCC_OPTIMIZATION_LEVEL = 0;
				GCC_PREPROCESSOR_DEFINITIONS = (
					"DEBUG=1",
					"$(inherited)",
				);
				GCC_WARN_64_TO_32_BIT_CONVERSION = YES;
				GCC_WARN_ABOUT_RETURN_TYPE = YES_ERROR;
				GCC_WARN_UNDECLARED_SELECTOR = YES;
				GCC_WARN_UNINITIALIZED_AUTOS = YES_AGGRESSIVE;
				GCC_WARN_UNUSED_FUNCTION = YES;
				GCC_WARN_UNUSED_VARIABLE = YES;
				HEADER_SEARCH_PATHS = "$(PROJECT_DIR)/SoftraceMetal/cpp/Metal";
				MACOSX_DEPLOYMENT_TARGET = 10.15;
				MTL_ENABLE_DEBUG_INFO = INCLUDE_SOURCE;
				MTL_FAST_MATH = YES;
				ONLY_ACTIVE_ARCH = YES;
				SDKROOT = macosx;
				SWIFT_ACTIVE_COMPILATION_CONDITIONS = DEBUG;
				SWIFT_OPTIMIZATION_LEVEL = "-Onone";
			};
			name = Debug;
		};
		11AD326929B17E94009C976D /* Release */ = {
			isa = XCBuildConfiguration;
			buildSettings = {
				ALWAYS_SEARCH_USER_PATHS = NO;
				CLANG_ANALYZER_NONNULL = YES;
				CLANG_ANALYZER_NUMBER_OBJECT_CONVERSION = YES_AGGRESSIVE;
				CLANG_CXX_LANGUAGE_STANDARD = "c++17";
				CLANG_CXX_LIBRARY = "libc++";
				CLANG_ENABLE_MODULES = YES;
				CLANG_ENABLE_OBJC_ARC = YES;
				CLANG_ENABLE_OBJC_WEAK = YES;
				CLANG_WARN_BLOCK_CAPTURE_AUTORELEASING = YES;
				CLANG_WARN_BOOL_CONVERSION = YES;
				CLANG_WARN_COMMA = YES;
				CLANG_WARN_CONSTANT_CONVERSION = YES;
				CLANG_WARN_DEPRECATED_OBJC_IMPLEMENTATIONS = YES;
				CLANG_WARN_DIRECT_OBJC_ISA_USAGE = YES_ERROR;
				CLANG_WARN_DOCUMENTATION_COMMENTS = YES;
				CLANG_WARN_EMPTY_BODY = YES;
				CLANG_WARN_ENUM_CONVERSION = YES;
				CLANG_WARN_INFINITE_RECURSION = YES;
				CLANG_WARN_INT_CONVERSION = YES;
				CLANG_WARN_NON_LITERAL_NULL_CONVERSION = YES;
				CLANG_WARN_OBJC_IMPLICIT_RETAIN_SELF = YES;
				CLANG_WARN_OBJC_LITERAL_CONVERSION = YES;
				CLANG_WARN_OBJC_ROOT_CLASS = YES_ERROR;
				CLANG_WARN_QUOTED_INCLUDE_IN_FRAMEWORK_HEADER = YES;
				CLANG_WARN_RANGE_LOOP_ANALYSIS = YES;
				CLANG_WARN_STRICT_PROTOTYPES = YES;
				CLANG_WARN_SUSPICIOUS_MOVE = YES;
				CLANG_WARN_UNGUARDED_AVAILABILITY = YES_AGGRESSIVE;
				CLANG_WARN_UNREACHABLE_CODE = YES;
				CLANG_WARN__DUPLICATE_METHOD_MATCH = YES;
				COPY_PHASE_STRIP = NO;
				DEBUG_INFORMATION_FORMAT = "dwarf-with-dsym";
				ENABLE_NS_ASSERTIONS = NO;
				ENABLE_STRICT_OBJC_MSGSEND = YES;
				GCC_C_LANGUAGE_STANDARD = gnu11;
				GCC_NO_COMMON_BLOCKS = YES;
				GCC_WARN_64_TO_32_BIT_CONVERSION = YES;
				GCC_WARN_ABOUT_RETURN_TYPE = YES_ERROR;
				GCC_WARN_UNDECLARED_SELECTOR = YES;
				GCC_WARN_UNINITIALIZED_AUTOS = YES_AGGRESSIVE;
				GCC_WARN_UNUSED_FUNCTION = YES;
				GCC_WARN_UNUSED_VARIABLE = YES;
				HEADER_SEARCH_PATHS = "$(PROJECT_DIR)/SoftraceMetal/cpp/Metal";
				MACOSX_DEPLOYMENT_TARGET = 10.15;
				MTL_ENABLE_DEBUG_INFO = NO;
				MTL_FAST_MATH = YES;
				SDKROOT = macosx;
				SWIFT_COMPILATION_MODE = wholemodule;
				SWIFT_OPTIMIZATION_LEVEL = "-O";
			};
			name = Release;
		};
		11AD326B29B17E94009C976D /* Debug */ = {
			isa = XCBuildConfiguration;
			buildSettings = {
				ASSETCATALOG_COMPILER_APPICON_NAME = AppIcon;
				ASSETCATALOG_COMPILER_GLOBAL_ACCENT_COLOR_NAME = AccentColor;
				CLANG_ENABLE_MODULES = YES;
				CODE_SIGN_ENTITLEMENTS = SoftraceMetal/SoftraceMetal.entitlements;
				CODE_SIGN_STYLE = Automatic;
				COMBINE_HIDPI_IMAGES = YES;
				DEVELOPMENT_ASSET_PATHS = "\"SoftraceMetal/Preview Content\"";
				ENABLE_PREVIEWS = YES;
				INFOPLIST_FILE = SoftraceMetal/Info.plist;
				LD_RUNPATH_SEARCH_PATHS = (
					"$(inherited)",
					"@executable_path/../Frameworks",
				);
				MACOSX_DEPLOYMENT_TARGET = 10.15;
				PRODUCT_BUNDLE_IDENTIFIER = imasoftea.SoftraceMetal;
				PRODUCT_NAME = "$(TARGET_NAME)";
				SWIFT_OBJC_BRIDGING_HEADER = "SoftraceMetal/cpp/SoftraceMetal-Bridging-Header.h";
				SWIFT_OPTIMIZATION_LEVEL = "-Onone";
				SWIFT_VERSION = 5.0;
			};
			name = Debug;
		};
		11AD326C29B17E94009C976D /* Release */ = {
			isa = XCBuildConfiguration;
			buildSettings = {
				ASSETCATALOG_COMPILER_APPICON_NAME = AppIcon;
				ASSETCATALOG_COMPILER_GLOBAL_ACCENT_COLOR_NAME = AccentColor;
				CLANG_ENABLE_MODULES = YES;
				CODE_SIGN_ENTITLEMENTS = SoftraceMetal/SoftraceMetal.entitlements;
				CODE_SIGN_STYLE = Automatic;
				COMBINE_HIDPI_IMAGES = YES;
				DEVELOPMENT_ASSET_PATHS = "\"SoftraceMetal/Preview Content\"";
				ENABLE_PREVIEWS = YES;
				INFOPLIST_FILE = SoftraceMetal/Info.plist;
				LD_RUNPATH_SEARCH_PATHS = (
					"$(inherited)",
					"@executable_path/../Frameworks",
				);
				MACOSX_DEPLOYMENT_TARGET = 10.15;
				PRODUCT_BUNDLE_IDENTIFIER = imasoftea.SoftraceMetal;
				PRODUCT_NAME = "$(TARGET_NAME)";
				SWIFT_OBJC_BRIDGING_HEADER = "SoftraceMetal/cpp/SoftraceMetal-Bridging-Header.h";
				SWIFT_VERSION = 5.0;
			};
			name = Release;
		};
		11AD326E29B17E94009C976D /* Debug */ = {
			isa = XCBuildConfiguration;
			buildSettings = {
				ALWAYS_EMBED_SWIFT_STANDARD_LIBRARIES = YES;
				BUNDLE_LOADER = "$(TEST_HOST)";
				CODE_SIGN_STYLE = Automatic;
				COMBINE_HIDPI_IMAGES = YES;
				INFOPLIST_FILE = SoftraceMetalTests/Info.plist;
				LD_RUNPATH_SEARCH_PATHS = (
					"$(inherited)",
					"@executable_path/../Frameworks",
					"@loader_path/../Frameworks",
				);
				MACOSX_DEPLOYMENT_TARGET = 10.15;
				PRODUCT_BUNDLE_IDENTIFIER = imasoftea.SoftraceMetalTests;
				PRODUCT_NAME = "$(TARGET_NAME)";
				SWIFT_VERSION = 5.0;
				TEST_HOST = "$(BUILT_PRODUCTS_DIR)/SoftraceMetal.app/Contents/MacOS/SoftraceMetal";
			};
			name = Debug;
		};
		11AD326F29B17E94009C976D /* Release */ = {
			isa = XCBuildConfiguration;
			buildSettings = {
				ALWAYS_EMBED_SWIFT_STANDARD_LIBRARIES = YES;
				BUNDLE_LOADER = "$(TEST_HOST)";
				CODE_SIGN_STYLE = Automatic;
				COMBINE_HIDPI_IMAGES = YES;
				INFOPLIST_FILE = SoftraceMetalTests/Info.plist;
				LD_RUNPATH_SEARCH_PATHS = (
					"$(inherited)",
					"@executable_path/../Frameworks",
					"@loader_path/../Frameworks",
				);
				MACOSX_DEPLOYMENT_TARGET = 10.15;
				PRODUCT_BUNDLE_IDENTIFIER = imasoftea.SoftraceMetalTests;
				PRODUCT_NAME = "$(TARGET_NAME)";
				SWIFT_VERSION = 5.0;
				TEST_HOST = "$(BUILT_PRODUCTS_DIR)/SoftraceMetal.app/Contents/MacOS/SoftraceMetal";
			};
			name = Release;
		};
		11AD327129B17E94009C976D /* Debug */ = {
			isa = XCBuildConfiguration;
			buildSettings = {
				ALWAYS_EMBED_SWIFT_STANDARD_LIBRARIES = YES;
				CODE_SIGN_STYLE = Automatic;
				COMBINE_HIDPI_IMAGES = YES;
				INFOPLIST_FILE = SoftraceMetalUITests/Info.plist;
				LD_RUNPATH_SEARCH_PATHS = (
					"$(inherited)",
					"@executable_path/../Frameworks",
					"@loader_path/../Frameworks",
				);
				PRODUCT_BUNDLE_IDENTIFIER = imasoftea.SoftraceMetalUITests;
				PRODUCT_NAME = "$(TARGET_NAME)";
				SWIFT_VERSION = 5.0;
				TEST_TARGET_NAME = SoftraceMetal;
			};
			name = Debug;
		};
		11AD327229B17E94009C976D /* Release */ = {
			isa = XCBuildConfiguration;
			buildSettings = {
				ALWAYS_EMBED_SWIFT_STANDARD_LIBRARIES = YES;
				CODE_SIGN_STYLE = Automatic;
				COMBINE_HIDPI_IMAGES = YES;
				INFOPLIST_FILE = SoftraceMetalUITests/Info.plist;
				LD_RUNPATH_SEARCH_PATHS = (
					"$(inherited)",
					"@executable_path/../Frameworks",
					"@loader_path/../Frameworks",
				);
				PRODUCT_BUNDLE_IDENTIFIER = imasoftea.SoftraceMetalUITests;
				PRODUCT_NAME = "$(TARGET_NAME)";
				SWIFT_VERSION = 5.0;
				TEST_TARGET_NAME = SoftraceMetal;
			};
			name = Release;
		};
/* End XCBuildConfiguration section */

/* Begin XCConfigurationList section */
		11AD323C29B17E92009C976D /* Build configuration list for PBXProject "SoftraceMetal" */ = {
			isa = XCConfigurationList;
			buildConfigurations = (
				11AD326829B17E94009C976D /* Debug */,
				11AD326929B17E94009C976D /* Release */,
			);
			defaultConfigurationIsVisible = 0;
			defaultConfigurationName = Release;
		};
		11AD326A29B17E94009C976D /* Build configuration list for PBXNativeTarget "SoftraceMetal" */ = {
			isa = XCConfigurationList;
			buildConfigurations = (
				11AD326B29B17E94009C976D /* Debug */,
				11AD326C29B17E94009C976D /* Release */,
			);
			defaultConfigurationIsVisible = 0;
			defaultConfigurationName = Release;
		};
		11AD326D29B17E94009C976D /* Build configuration list for PBXNativeTarget "SoftraceMetalTests" */ = {
			isa = XCConfigurationList;
			buildConfigurations = (
				11AD326E29B17E94009C976D /* Debug */,
				11AD326F29B17E94009C976D /* Release */,
			);
			defaultConfigurationIsVisible = 0;
			defaultConfigurationName = Release;
		};
		11AD327029B17E94009C976D /* Build configuration list for PBXNativeTarget "SoftraceMetalUITests" */ = {
			isa = XCConfigurationList;
			buildConfigurations = (
				11AD327129B17E94009C976D /* Debug */,
				11AD327229B17E94009C976D /* Release */,
			);
			defaultConfigurationIsVisible = 0;
			defaultConfigurationName = Release;
		};
/* End XCConfigurationList section */
	};
	rootObject = 11AD323929B17E92009C976D /* Project object */;
}
